
Microsoft Visual Studio Solution File, Format Version 12.00
# Visual Studio Version 17
VisualStudioVersion = 17.0.31717.71
MinimumVisualStudioVersion = 10.0.40219.1
Project("{9A19103F-16F7-4668-BE54-9A1E7A4F7556}") = "MudBlazorDialogCloseProblem", "MudBlazorDialogCloseProblem.csproj", "{DC93F66A-0A47-4DAE-B6BB-B090273FCC51}"
EndProject
Global
	GlobalSection(SolutionConfigurationPlatforms) = preSolution
		Debug|Any CPU = Debug|Any CPU
		Release|Any CPU = Release|Any CPU
	EndGlobalSection
	GlobalSection(ProjectConfigurationPlatforms) = postSolution
		{DC93F66A-0A47-4DAE-B6BB-B090273FCC51}.Debug|Any CPU.ActiveCfg = Debug|Any CPU
		{DC93F66A-0A47-4DAE-B6BB-B090273FCC51}.Debug|Any CPU.Build.0 = Debug|Any CPU
		{DC93F66A-0A47-4DAE-B6BB-B090273FCC51}.Release|Any CPU.ActiveCfg = Release|Any CPU
		{DC93F66A-0A47-4DAE-B6BB-B090273FCC51}.Release|Any CPU.Build.0 = Release|Any CPU
	EndGlobalSection
	GlobalSection(SolutionProperties) = preSolution
		HideSolutionNode = FALSE
	EndGlobalSection
	GlobalSection(ExtensibilityGlobals) = postSolution
		SolutionGuid = {D939E27B-34A5-4540-9E44-9BD5BA137EED}
	EndGlobalSection
EndGlobal